{
  "version": "2",
  "remote": {
    "https://cdn.skypack.dev/-/ky@v0.33.3-18TbZwdyxvmWydOcmgme/dist=es2019,mode=imports/optimized/ky.js": "2fd435f19321770f83636bffe71d589b0604922ce0b9133f4e06e18b7299143e",
    "https://cdn.skypack.dev/-/ky@v0.33.3-18TbZwdyxvmWydOcmgme/dist=es2019,mode=types/distribution/core/constants.d.ts": "9c23fb2acd5ed818c950c6802b22cafde46f1cd6217898ca4f0f726558576f48",
    "https://cdn.skypack.dev/-/ky@v0.33.3-18TbZwdyxvmWydOcmgme/dist=es2019,mode=types/distribution/errors/HTTPError.d.ts": "bec5524c0d8addd2e4d678b14434976fad37b83bacffa3ae65d14afe71a76e83",
    "https://cdn.skypack.dev/-/ky@v0.33.3-18TbZwdyxvmWydOcmgme/dist=es2019,mode=types/distribution/errors/TimeoutError.d.ts": "162f748e98203b829d8505f499c99ee0fc2200c11f3743d0e7124e7bf8ca253c",
    "https://cdn.skypack.dev/-/ky@v0.33.3-18TbZwdyxvmWydOcmgme/dist=es2019,mode=types/distribution/index.d.ts": "0831a6c6e34603bbb7a09b1bbef5cbe3ad0ac46e62e44a0e63fcbfdeaae2a77c",
    "https://cdn.skypack.dev/-/ky@v0.33.3-18TbZwdyxvmWydOcmgme/dist=es2019,mode=types/distribution/types/ResponsePromise.d.ts": "b038f6f19c25ffb29ef3d8a89dc78fb69a03fdf7438e4b14e45ec5390b2039bc",
    "https://cdn.skypack.dev/-/ky@v0.33.3-18TbZwdyxvmWydOcmgme/dist=es2019,mode=types/distribution/types/common.d.ts": "20fcb118bebfb69ca52595ac4f0dd500fe457a5cedb0a4186a3b09cb20aad7c7",
    "https://cdn.skypack.dev/-/ky@v0.33.3-18TbZwdyxvmWydOcmgme/dist=es2019,mode=types/distribution/types/hooks.d.ts": "5654d6c3b3540f3768c8c8dd125c3bd6c44b03f70f6ddc1212a2cd3edb1f8039",
    "https://cdn.skypack.dev/-/ky@v0.33.3-18TbZwdyxvmWydOcmgme/dist=es2019,mode=types/distribution/types/ky.d.ts": "e2d296326628fde655ead9f8dd32c87ecc32b84f11511e7b4b7c3a778ba63d5a",
    "https://cdn.skypack.dev/-/ky@v0.33.3-18TbZwdyxvmWydOcmgme/dist=es2019,mode=types/distribution/types/options.d.ts": "e6e61aafb3d056346f0bfca0d71495a0a8b397937e01f94b83bc6e0e2d4210b3",
    "https://cdn.skypack.dev/-/ky@v0.33.3-18TbZwdyxvmWydOcmgme/dist=es2019,mode=types/distribution/types/response.d.ts": "fd7cdcf4a60ac72826774dddc27878b62ab87f74e574dfaa6a8818458f0f505d",
    "https://cdn.skypack.dev/-/ky@v0.33.3-18TbZwdyxvmWydOcmgme/dist=es2019,mode=types/distribution/types/retry.d.ts": "96a0e14854cadd119faac1df7e4fa92ddb0a6119fa7535b5a9b08903ecc4cf52",
    "https://cdn.skypack.dev/ky?dts": "2fc1c6e5d36317160ccf708b46f35273e69a2c232b39a63d62791419fd741cfe",
    "https://deno.land/std@0.163.0/fmt/colors.ts": "9e36a716611dcd2e4865adea9c4bec916b5c60caad4cdcdc630d4974e6bb8bd4",
    "https://deno.land/std@0.163.0/testing/_diff.ts": "a23e7fc2b4d8daa3e158fa06856bedf5334ce2a2831e8bf9e509717f455adb2c",
    "https://deno.land/std@0.163.0/testing/_format.ts": "cd11136e1797791045e639e9f0f4640d5b4166148796cad37e6ef75f7d7f3832",
    "https://deno.land/std@0.163.0/testing/asserts.ts": "1e340c589853e82e0807629ba31a43c84ebdcdeca910c4a9705715dfdb0f5ce8",
    "https://deno.land/x/crayon@3.3.2/mod.ts": "82ad225583a483c4837577971629cddaa22614093af8353da6426b9366de9780",
    "https://deno.land/x/crayon@3.3.2/src/conversions.ts": "9bfd3b1fbe412bcba092890ac558b6beaad4c3aa399cd99d45fadb324d28afd6",
    "https://deno.land/x/crayon@3.3.2/src/crayon.ts": "66baa0847531496ebae49ee31f56491010d83345d538240c31bbb59b2da0b2d4",
    "https://deno.land/x/crayon@3.3.2/src/styles.ts": "aa588b57b2c0482dc5c6f53109b4287831a9827c0aeef9a88129beae1172c1ee",
    "https://deno.land/x/crayon@3.3.2/src/util.ts": "af8884a917488de76ac0c2b92482093ade74514ece77a4c64e5eb5b0f6ed68e6",
    "https://deno.land/x/tui@1.3.3/mod.ts": "f3ed32af93f2419aaa60b70425453e5efd6ddd42378d734a943beafe3013d99d",
    "https://deno.land/x/tui@1.3.3/src/canvas.ts": "6fea7cdbcb17ac3591bd71ef0c45b77b54064cabc07d563fe051536fb8b718e8",
    "https://deno.land/x/tui@1.3.3/src/component.ts": "370ab3555362912e8813515841ce2143af3b77c99d2774b3814bc48fa8c2afca",
    "https://deno.land/x/tui@1.3.3/src/components/box.ts": "e40e85b95cc35b24288f77a8b76d2863b339d8e7bc4dbce7898e1267d9905625",
    "https://deno.land/x/tui@1.3.3/src/components/button.ts": "3af9de3b5c3df6e631ae2116c27fb0c3e94fc75ebe5984c020258dbf42d8bf4a",
    "https://deno.land/x/tui@1.3.3/src/components/checkbox.ts": "2eeee386045faa982b3b96addb68a1c68569e840fd6d6c55657f65fd49105698",
    "https://deno.land/x/tui@1.3.3/src/components/combobox.ts": "3368c68ecb206b45640467f19466b6b2ffdf1a3da28b400a3ac3ba1512caed29",
    "https://deno.land/x/tui@1.3.3/src/components/frame.ts": "3a568dda7b5732a7809fd7ed4f851e3179f97f82b5e584f250bb1429132fa0f7",
    "https://deno.land/x/tui@1.3.3/src/components/label.ts": "a8c02fcd88ffbd1bdda9fa04923fcddd68d2b0df585a2b9bd711753074964c2c",
    "https://deno.land/x/tui@1.3.3/src/components/mod.ts": "04174bd5952b13918b0834e2866105050998d460f0d0d2573df7917be28f6380",
    "https://deno.land/x/tui@1.3.3/src/components/progress_bar.ts": "43aae1de35f482ec6481bf130ce4a5e141617cc9c0ee5898fa53aa3944dca3cf",
    "https://deno.land/x/tui@1.3.3/src/components/scrollable_view.ts": "09f690357ea33055f370eb8608289ea0fa5ecfd4958ffcdb227192423ff8de04",
    "https://deno.land/x/tui@1.3.3/src/components/slider.ts": "1b713fef8fb558cddcb7b3c82b2cfb2c43541bde1f8bda19efb8c77a0b198326",
    "https://deno.land/x/tui@1.3.3/src/components/textbox.ts": "3ce12035b93947dafc0d52360519119cf22655f01487d7363f5c0e7bca7191b1",
    "https://deno.land/x/tui@1.3.3/src/components/view.ts": "b5b8e066deb634a292523abbec40a8d3dcbe13d90b64c5a98433818ba1fd5daa",
    "https://deno.land/x/tui@1.3.3/src/event_emitter.ts": "716cc1427324dfc09cb094481773e00ddebfde3ef670eb2dca5cd0dc68339b66",
    "https://deno.land/x/tui@1.3.3/src/key_reader.ts": "6d2209ff018b3d0c402b0ff1a77827b7497ab58cb885cffb6a111ebf60d0f573",
    "https://deno.land/x/tui@1.3.3/src/key_reader/types.ts": "23d9008e2f2541cac6ffb5fffe65a4b03199adcc3ff7b1276dfdf214b3888f8f",
    "https://deno.land/x/tui@1.3.3/src/key_reader/unix.ts": "9caa5d48bf7f2ecc4a94855cfbfa94e95a9ab618a55bc3b935e9e8acfb961cc4",
    "https://deno.land/x/tui@1.3.3/src/key_reader/windows.ts": "4715ee0380d318acc150c7f8ee1d42ed8694fb9fd7cf065cd06e91f047d3014c",
    "https://deno.land/x/tui@1.3.3/src/keyboard.ts": "f663323b2256801776fffe7b4ea6e93db15921ad581192de732c1926b85b325c",
    "https://deno.land/x/tui@1.3.3/src/mouse.ts": "3b2ff74dd968bb3bbe881999cc57988a624ef3297926dce9c510431fffa38f7e",
    "https://deno.land/x/tui@1.3.3/src/theme.ts": "400102288d6a0f3e427644733cd833e54a52d0bca0875ced13129677e747ca93",
    "https://deno.land/x/tui@1.3.3/src/tui.ts": "15ea6ecc5d57d708fda39e9cc4ae8788719adb10970d2e28bc685388a64a4982",
    "https://deno.land/x/tui@1.3.3/src/types.ts": "c16c426f900667fe10eee21d9ac997dfd03c9ff2702e94b9522492d9fb60af2b",
    "https://deno.land/x/tui@1.3.3/src/utils/ansi_codes.ts": "5aa84c4f21dc9329763ceb79e4b796a9d1d0ec4ed55b693b241c4d70d56926f0",
    "https://deno.land/x/tui@1.3.3/src/utils/async.ts": "5a6fe376a59b7b2b962f72c8d81fe9c42526d4b9b29e4d7aa435f52ba28e51cb",
    "https://deno.land/x/tui@1.3.3/src/utils/component.ts": "522ed1ae86d758357e545edb00f0a89aaecff8fea9b4132892060b7dd60435b2",
    "https://deno.land/x/tui@1.3.3/src/utils/deffered.ts": "531a1ca38f45c10ca6612a7c60df7725ffa088186ba634e8e9c2763193acd31b",
    "https://deno.land/x/tui@1.3.3/src/utils/mod.ts": "db88048756a9691b7b1c7d28d1fc0865df8361f46436b9f8f57088471ed88930",
    "https://deno.land/x/tui@1.3.3/src/utils/numbers.ts": "02a05c623d922d286c9b74332e15cb578004c772d90c077ca85470506b628308",
    "https://deno.land/x/tui@1.3.3/src/utils/sorted_array.ts": "886a2e92c4d623a694e8ce98519731be08ee475b1969c346afd187a64b159c2d",
    "https://deno.land/x/tui@1.3.3/src/utils/strings.ts": "aeae9c4c82d3bfb54e200a8851b7774338f364b7566214eae853fb98cb8b1767"
  }
}